
Microsoft Visual Studio Solution File, Format Version 12.00
# Visual Studio Version 17
VisualStudioVersion = 17.13.35931.197 d17.13
MinimumVisualStudioVersion = 10.0.40219.1
Project("{FAE04EC0-301F-11D3-BF4B-00C04F79EFBC}") = "fnRentProcess", "fnRentProcess\fnRentProcess.csproj", "{57AA6691-7D7E-4115-8971-44AC0F1E27AB}"
EndProject
Global
	GlobalSection(SolutionConfigurationPlatforms) = preSolution
		Debug|Any CPU = Debug|Any CPU
		Release|Any CPU = Release|Any CPU
	EndGlobalSection
	GlobalSection(ProjectConfigurationPlatforms) = postSolution
		{57AA6691-7D7E-4115-8971-44AC0F1E27AB}.Debug|Any CPU.ActiveCfg = Debug|Any CPU
		{57AA6691-7D7E-4115-8971-44AC0F1E27AB}.Debug|Any CPU.Build.0 = Debug|Any CPU
		{57AA6691-7D7E-4115-8971-44AC0F1E27AB}.Release|Any CPU.ActiveCfg = Release|Any CPU
		{57AA6691-7D7E-4115-8971-44AC0F1E27AB}.Release|Any CPU.Build.0 = Release|Any CPU
	EndGlobalSection
	GlobalSection(SolutionProperties) = preSolution
		HideSolutionNode = FALSE
	EndGlobalSection
	GlobalSection(ExtensibilityGlobals) = postSolution
		SolutionGuid = {75472E72-CD52-4EE5-BDFE-AE2941F32260}
	EndGlobalSection
EndGlobal
